
Microsoft Visual Studio Solution File, Format Version 12.00
# Visual Studio Version 16
VisualStudioVersion = 16.0.30320.27
MinimumVisualStudioVersion = 10.0.40219.1
Project("{9A19103F-16F7-4668-BE54-9A1E7A4F7556}") = "QuantumDieLib", "QuantumDieLib\QuantumDieLib.csproj", "{83A89B1E-FF21-4AB4-8688-90778B8EB187}"
EndProject
Project("{9A19103F-16F7-4668-BE54-9A1E7A4F7556}") = "QuantumDieHost", "QuantumDieHost\QuantumDieHost.csproj", "{9D72436C-A483-40ED-A174-F78D5ED402B3}"
EndProject
Project("{2150E333-8FDC-42A3-9474-1A3956D46DE8}") = "Solution Items", "Solution Items", "{62B9AF07-9098-40CF-8E2C-3984D9D38712}"
	ProjectSection(SolutionItems) = preProject
		circuit.svg = circuit.svg
		README.md = README.md
	EndProjectSection
EndProject
Global
	GlobalSection(SolutionConfigurationPlatforms) = preSolution
		Debug|Any CPU = Debug|Any CPU
		Release|Any CPU = Release|Any CPU
	EndGlobalSection
	GlobalSection(ProjectConfigurationPlatforms) = postSolution
		{83A89B1E-FF21-4AB4-8688-90778B8EB187}.Debug|Any CPU.ActiveCfg = Debug|Any CPU
		{83A89B1E-FF21-4AB4-8688-90778B8EB187}.Debug|Any CPU.Build.0 = Debug|Any CPU
		{83A89B1E-FF21-4AB4-8688-90778B8EB187}.Release|Any CPU.ActiveCfg = Release|Any CPU
		{83A89B1E-FF21-4AB4-8688-90778B8EB187}.Release|Any CPU.Build.0 = Release|Any CPU
		{9D72436C-A483-40ED-A174-F78D5ED402B3}.Debug|Any CPU.ActiveCfg = Debug|Any CPU
		{9D72436C-A483-40ED-A174-F78D5ED402B3}.Debug|Any CPU.Build.0 = Debug|Any CPU
		{9D72436C-A483-40ED-A174-F78D5ED402B3}.Release|Any CPU.ActiveCfg = Release|Any CPU
		{9D72436C-A483-40ED-A174-F78D5ED402B3}.Release|Any CPU.Build.0 = Release|Any CPU
	EndGlobalSection
	GlobalSection(SolutionProperties) = preSolution
		HideSolutionNode = FALSE
	EndGlobalSection
	GlobalSection(ExtensibilityGlobals) = postSolution
		SolutionGuid = {9C31EACD-4F21-48CB-BF29-C793D1BF9E26}
	EndGlobalSection
EndGlobal
